# THIS IS AN AUTOGENERATED FILE. DO NOT EDIT THIS FILE DIRECTLY.
# yarn lockfile v1


inferno-component@^1.6.2:
  version "1.6.2"
  resolved "https://registry.yarnpkg.com/inferno-component/-/inferno-component-1.6.2.tgz#d9be05c66d7d81a2bc2f428ddf7596acdc888c3b"
  dependencies:
    inferno "^1.6.2"
    inferno-shared "^1.6.1"
    inferno-vnode-flags "^1.6.2"

inferno-create-class@^1.6.2:
  version "1.6.2"
  resolved "https://registry.yarnpkg.com/inferno-create-class/-/inferno-create-class-1.6.2.tgz#b5b37e872c5f84da5517014fbd85dca34fb5144f"
  dependencies:
    inferno-component "^1.6.2"
    inferno-shared "^1.6.1"

inferno-create-element@^1.6.2:
  version "1.6.2"
  resolved "https://registry.yarnpkg.com/inferno-create-element/-/inferno-create-element-1.6.2.tgz#210c2e00a85048eeb150df7fe0c6e9d4da4e572e"
  dependencies:
    inferno "^1.6.2"
    inferno-component "^1.6.2"
    inferno-shared "^1.6.1"
    inferno-vnode-flags "^1.6.2"

inferno-shared@^1.6.1:
  version "1.6.1"
  resolved "https://registry.yarnpkg.com/inferno-shared/-/inferno-shared-1.6.1.tgz#6ff7a8eacc254b766c930720916130c3c0c62bf3"

inferno-test-utils@^1.3.1:
  version "1.6.2"
  resolved "https://registry.yarnpkg.com/inferno-test-utils/-/inferno-test-utils-1.6.2.tgz#222285ce910339dd05e82a19a83f6cc172912d78"
  dependencies:
    inferno "^1.6.2"
    inferno-create-class "^1.6.2"
    inferno-create-element "^1.6.2"
    inferno-shared "^1.6.1"
    inferno-vnode-flags "^1.6.2"

inferno-vnode-flags@^1.6.2:
  version "1.6.2"
  resolved "https://registry.yarnpkg.com/inferno-vnode-flags/-/inferno-vnode-flags-1.6.2.tgz#12410f4f26eda30a7a7374bba0cafaed495bcc19"

inferno@^1.6.2:
  version "1.6.2"
  resolved "https://registry.yarnpkg.com/inferno/-/inferno-1.6.2.tgz#355bd475d348143737f8197affb865aa9bc06ad5"
  dependencies:
    inferno-shared "^1.6.1"
    inferno-vnode-flags "^1.6.2"
