# THIS IS AN AUTOGENERATED FILE. DO NOT EDIT THIS FILE DIRECTLY.
# yarn lockfile v1


inferno-component@^1.4.0:
  version "1.4.0"
  resolved "https://registry.yarnpkg.com/inferno-component/-/inferno-component-1.4.0.tgz#60cedfffd76aaebce9fd55d9fd7286062d85af17"
  dependencies:
    inferno "^1.4.0"
    inferno-shared "^1.3.0"
    inferno-vnode-flags "^1.4.0"

inferno-create-class@^1.4.0:
  version "1.4.0"
  resolved "https://registry.yarnpkg.com/inferno-create-class/-/inferno-create-class-1.4.0.tgz#7abee05e72cb0fd9d3a19f5ba06d852bad38dc31"
  dependencies:
    inferno-component "^1.4.0"
    inferno-shared "^1.3.0"

inferno-create-element@^1.4.0:
  version "1.4.0"
  resolved "https://registry.yarnpkg.com/inferno-create-element/-/inferno-create-element-1.4.0.tgz#e46a8f0c1ecf5b39c38c1a2ae3ac9f5075cb340b"
  dependencies:
    inferno "^1.4.0"
    inferno-component "^1.4.0"
    inferno-shared "^1.3.0"
    inferno-vnode-flags "^1.4.0"

inferno-shared@^1.3.0:
  version "1.3.0"
  resolved "https://registry.yarnpkg.com/inferno-shared/-/inferno-shared-1.3.0.tgz#3994b373fd16a0fc02aef6b12503f790b1eddddc"

inferno-test-utils@^1.3.1:
  version "1.4.0"
  resolved "https://registry.yarnpkg.com/inferno-test-utils/-/inferno-test-utils-1.4.0.tgz#e399e66d6e0925dbfb59ecc109d5293d5d47d052"
  dependencies:
    inferno "^1.4.0"
    inferno-create-class "^1.4.0"
    inferno-create-element "^1.4.0"
    inferno-shared "^1.3.0"
    inferno-vnode-flags "^1.4.0"

inferno-vnode-flags@^1.4.0:
  version "1.4.1"
  resolved "https://registry.yarnpkg.com/inferno-vnode-flags/-/inferno-vnode-flags-1.4.1.tgz#fc249a07da2a5a7a8380a3b78bc7e7f69905db85"

inferno@^1.4.0:
  version "1.4.0"
  resolved "https://registry.yarnpkg.com/inferno/-/inferno-1.4.0.tgz#2ded04cba031edfd4b7140c90f01f673b1ddf705"
  dependencies:
    inferno-shared "^1.3.0"
    inferno-vnode-flags "^1.4.0"
