# THIS IS AN AUTOGENERATED FILE. DO NOT EDIT THIS FILE DIRECTLY.
# yarn lockfile v1


bowser@^1.0.0:
  version "1.6.0"
  resolved "https://registry.yarnpkg.com/bowser/-/bowser-1.6.0.tgz#37fc387b616cb6aef370dab4d6bd402b74c5c54d"

hyphenate-style-name@^1.0.1:
  version "1.0.2"
  resolved "https://registry.yarnpkg.com/hyphenate-style-name/-/hyphenate-style-name-1.0.2.tgz#31160a36930adaf1fc04c6074f7eb41465d4ec4b"

inline-style-prefixer@^2.0.1:
  version "2.0.5"
  resolved "https://registry.yarnpkg.com/inline-style-prefixer/-/inline-style-prefixer-2.0.5.tgz#c153c7e88fd84fef5c602e95a8168b2770671fe7"
  dependencies:
    bowser "^1.0.0"
    hyphenate-style-name "^1.0.1"
